
Microsoft Visual Studio Solution File, Format Version 12.00
# Visual Studio Version 16
VisualStudioVersion = 16.0.30907.101
MinimumVisualStudioVersion = 10.0.40219.1
Project("{9A19103F-16F7-4668-BE54-9A1E7A4F7556}") = "DatabaseCompare", "DatabaseCompare.csproj", "{631298B3-9054-4A32-BA33-1F68397F36A7}"
EndProject
Global
	GlobalSection(SolutionConfigurationPlatforms) = preSolution
		Debug|Any CPU = Debug|Any CPU
		Release|Any CPU = Release|Any CPU
	EndGlobalSection
	GlobalSection(ProjectConfigurationPlatforms) = postSolution
		{631298B3-9054-4A32-BA33-1F68397F36A7}.Debug|Any CPU.ActiveCfg = Debug|Any CPU
		{631298B3-9054-4A32-BA33-1F68397F36A7}.Debug|Any CPU.Build.0 = Debug|Any CPU
		{631298B3-9054-4A32-BA33-1F68397F36A7}.Release|Any CPU.ActiveCfg = Release|Any CPU
		{631298B3-9054-4A32-BA33-1F68397F36A7}.Release|Any CPU.Build.0 = Release|Any CPU
	EndGlobalSection
	GlobalSection(SolutionProperties) = preSolution
		HideSolutionNode = FALSE
	EndGlobalSection
	GlobalSection(ExtensibilityGlobals) = postSolution
		SolutionGuid = {04A8BCE6-EEF6-4FB3-BCA1-71A1EE02721A}
	EndGlobalSection
EndGlobal
